[[package]]
name = "pysam"
version = "0.19.1"
description = "pysam"
category = "main"
optional = false
python-versions = "*"

[metadata]
lock-version = "1.1"
python-versions = "^3.9"
content-hash = "96453a4c4c14c1ae40631e80c4f3eb9223f30f4c89964307b831f3d74ae7fc0d"

[metadata.files]
pysam = [
    {file = "pysam-0.19.1-cp310-cp310-macosx_10_9_x86_64.whl", hash = "sha256:8c066877dd3a10c38d6ad401637a819f03b18364a046aba3e654e212dee721e8"},
    {file = "pysam-0.19.1-cp310-cp310-manylinux_2_24_aarch64.whl", hash = "sha256:780afb82dd6ac5fcded0ee2e39ab936e2813dc97f2ccc208f0dcd0a013c5390d"},
    {file = "pysam-0.19.1-cp310-cp310-manylinux_2_24_i686.whl", hash = "sha256:951bbaa4cebe666b08d2ff3d043d82cf79f7b0abc2a6587ee1a8be00ee8d82b3"},
    {file = "pysam-0.19.1-cp310-cp310-manylinux_2_24_x86_64.whl", hash = "sha256:7ea4362a06b810b4ed443107b13fbe997c2f6909eca9a69e52addfe99f76c916"},
    {file = "pysam-0.19.1-cp36-cp36m-macosx_10_9_x86_64.whl", hash = "sha256:aef6d98fade6dd030712a8f4c20f70eec5f86aa3489e34488fc701f2a66d1fdd"},
    {file = "pysam-0.19.1-cp36-cp36m-manylinux_2_24_aarch64.whl", hash = "sha256:1603e5e4d9fb16566024392bc1a58f8a41dab3567588ece335514b7f89f3439e"},
    {file = "pysam-0.19.1-cp36-cp36m-manylinux_2_24_i686.whl", hash = "sha256:fc993c004f2c17b14e87c4957ebe2774385febf40c11c837c242847b35c15f7f"},
    {file = "pysam-0.19.1-cp36-cp36m-manylinux_2_24_x86_64.whl", hash = "sha256:f85b58cb246adcf8e5414bc3581dad1f3c776e61816a3b84fa5ec57c6e749475"},
    {file = "pysam-0.19.1-cp37-cp37m-macosx_10_9_x86_64.whl", hash = "sha256:9e4f8dc355a5d91e733bdba5cf7768c88b8da5ccde6df3704e1ce1932f24f312"},
    {file = "pysam-0.19.1-cp37-cp37m-manylinux_2_24_aarch64.whl", hash = "sha256:20fd2269d5dac8053428f42e6ef831d17dd5ae73bc0aa29cbc7d96e688a9fcb6"},
    {file = "pysam-0.19.1-cp37-cp37m-manylinux_2_24_i686.whl", hash = "sha256:55afc5df041a663f5809e6579ceb70335d2b49be8647c872b73c63897f76d2c4"},
    {file = "pysam-0.19.1-cp37-cp37m-manylinux_2_24_x86_64.whl", hash = "sha256:502529cdb004aebd2fc56cc2b0881a12d599e1c8d6d0ce114e54983e1c7e3b6d"},
    {file = "pysam-0.19.1-cp38-cp38-macosx_10_9_x86_64.whl", hash = "sha256:91bab0b59c1f06f9a2e30e737ad8f835adb5668acd445d75f26dba83b8d63480"},
    {file = "pysam-0.19.1-cp38-cp38-manylinux_2_24_aarch64.whl", hash = "sha256:9fa3fb0cd865d8068d3401c9f455a9bd80fd31911938f526b8f943ba684e6c70"},
    {file = "pysam-0.19.1-cp38-cp38-manylinux_2_24_i686.whl", hash = "sha256:08c7515c3a58e49ddf9cabf82fff378338ba9acf14c631747b7a65b4540be16c"},
    {file = "pysam-0.19.1-cp38-cp38-manylinux_2_24_x86_64.whl", hash = "sha256:94dec3e952b92398ae7ad641f9050014388c214cdd61fa625cec3ab285578be0"},
    {file = "pysam-0.19.1-cp39-cp39-macosx_10_9_x86_64.whl", hash = "sha256:d826486e1672e08300dbcc6c9eae8192db8578683d7d2bc1c041db0393d696bc"},
    {file = "pysam-0.19.1-cp39-cp39-manylinux_2_24_aarch64.whl", hash = "sha256:159b588b941a947c16f2c097b5c91e9249180b23f925c91be47fc1849e95fc25"},
    {file = "pysam-0.19.1-cp39-cp39-manylinux_2_24_i686.whl", hash = "sha256:dcd491d0d757d91e34d177d48bb911ebf63cd20c84ed1a9d43c5f2e7ea0014ba"},
    {file = "pysam-0.19.1-cp39-cp39-manylinux_2_24_x86_64.whl", hash = "sha256:d97c21d0f7fbf2594b9c8b66e1654159095ca7e08341f06c42074b2c20a8489b"},
    {file = "pysam-0.19.1.tar.gz", hash = "sha256:dee403cbdf232170c1e11cc24c76e7dd748fc672ad38eb0414f3b9d569b1448f"},
]
